// !$*UTF8*$!
{
	archiveVersion = 1;
	classes = {
	};
	objectVersion = 55;
	objects = {

/* Begin PBXBuildFile section */
		23B5D2C328C8BE4500308EF3 /* AppleMusicAppHWSwiftUIApp.swift in Sources */ = {isa = PBXBuildFile; fileRef = 23B5D2C228C8BE4500308EF3 /* AppleMusicAppHWSwiftUIApp.swift */; };
		23B5D2C728C8BE4600308EF3 /* Assets.xcassets in Resources */ = {isa = PBXBuildFile; fileRef = 23B5D2C628C8BE4600308EF3 /* Assets.xcassets */; };
		23B5D2CA28C8BE4600308EF3 /* Preview Assets.xcassets in Resources */ = {isa = PBXBuildFile; fileRef = 23B5D2C928C8BE4600308EF3 /* Preview Assets.xcassets */; };
		23B5D2D928C8BF4000308EF3 /* GeneralView.swift in Sources */ = {isa = PBXBuildFile; fileRef = 23B5D2D828C8BF4000308EF3 /* GeneralView.swift */; };
		23B5D2DB28C8BF6C00308EF3 /* LibraryView.swift in Sources */ = {isa = PBXBuildFile; fileRef = 23B5D2DA28C8BF6C00308EF3 /* LibraryView.swift */; };
/* End PBXBuildFile section */

/* Begin PBXFileReference section */
		23B5D2BF28C8BE4500308EF3 /* AppleMusicAppHWSwiftUI.app */ = {isa = PBXFileReference; explicitFileType = wrapper.application; includeInIndex = 0; path = AppleMusicAppHWSwiftUI.app; sourceTree = BUILT_PRODUCTS_DIR; };
		23B5D2C228C8BE4500308EF3 /* AppleMusicAppHWSwiftUIApp.swift */ = {isa = PBXFileReference; lastKnownFileType = sourcecode.swift; path = AppleMusicAppHWSwiftUIApp.swift; sourceTree = "<group>"; };
		23B5D2C628C8BE4600308EF3 /* Assets.xcassets */ = {isa = PBXFileReference; lastKnownFileType = folder.assetcatalog; path = Assets.xcassets; sourceTree = "<group>"; };
		23B5D2C928C8BE4600308EF3 /* Preview Assets.xcassets */ = {isa = PBXFileReference; lastKnownFileType = folder.assetcatalog; path = "Preview Assets.xcassets"; sourceTree = "<group>"; };
		23B5D2D828C8BF4000308EF3 /* GeneralView.swift */ = {isa = PBXFileReference; lastKnownFileType = sourcecode.swift; name = GeneralView.swift; path = ../../../../GeneralView.swift; sourceTree = "<group>"; };
		23B5D2DA28C8BF6C00308EF3 /* LibraryView.swift */ = {isa = PBXFileReference; lastKnownFileType = sourcecode.swift; name = LibraryView.swift; path = ../../../../LibraryView.swift; sourceTree = "<group>"; };
/* End PBXFileReference section */

/* Begin PBXFrameworksBuildPhase section */
		23B5D2BC28C8BE4500308EF3 /* Frameworks */ = {
			isa = PBXFrameworksBuildPhase;
			buildActionMask = 2147483647;
			files = (
			);
			runOnlyForDeploymentPostprocessing = 0;
		};
/* End PBXFrameworksBuildPhase section */

/* Begin PBXGroup section */
		23B5D2B628C8BE4500308EF3 = {
			isa = PBXGroup;
			children = (
				23B5D2C128C8BE4500308EF3 /* AppleMusicAppHWSwiftUI */,
				23B5D2C028C8BE4500308EF3 /* Products */,
			);
			sourceTree = "<group>";
		};
		23B5D2C028C8BE4500308EF3 /* Products */ = {
			isa = PBXGroup;
			children = (
				23B5D2BF28C8BE4500308EF3 /* AppleMusicAppHWSwiftUI.app */,
			);
			name = Products;
			sourceTree = "<group>";
		};
		23B5D2C128C8BE4500308EF3 /* AppleMusicAppHWSwiftUI */ = {
			isa = PBXGroup;
			children = (
				23B5D2D728C8BEA600308EF3 /* Resources */,
				23B5D2D428C8BE7800308EF3 /* Sources */,
			);
			path = AppleMusicAppHWSwiftUI;
			sourceTree = "<group>";
		};
		23B5D2C828C8BE4600308EF3 /* Preview Content */ = {
			isa = PBXGroup;
			children = (
				23B5D2C928C8BE4600308EF3 /* Preview Assets.xcassets */,
			);
			path = "Preview Content";
			sourceTree = "<group>";
		};
		23B5D2D428C8BE7800308EF3 /* Sources */ = {
			isa = PBXGroup;
			children = (
				23B5D2D628C8BE9400308EF3 /* View */,
				23B5D2D528C8BE8A00308EF3 /* App */,
			);
			path = Sources;
			sourceTree = "<group>";
		};
		23B5D2D528C8BE8A00308EF3 /* App */ = {
			isa = PBXGroup;
			children = (
				23B5D2C228C8BE4500308EF3 /* AppleMusicAppHWSwiftUIApp.swift */,
			);
			path = App;
			sourceTree = "<group>";
		};
		23B5D2D628C8BE9400308EF3 /* View */ = {
			isa = PBXGroup;
			children = (
				23B5D2D828C8BF4000308EF3 /* GeneralView.swift */,
				23B5D2DA28C8BF6C00308EF3 /* LibraryView.swift */,
			);
			path = View;
			sourceTree = "<group>";
		};
		23B5D2D728C8BEA600308EF3 /* Resources */ = {
			isa = PBXGroup;
			children = (
				23B5D2C828C8BE4600308EF3 /* Preview Content */,
				23B5D2C628C8BE4600308EF3 /* Assets.xcassets */,
			);
			path = Resources;
			sourceTree = "<group>";
		};
/* End PBXGroup section */

/* Begin PBXNativeTarget section */
		23B5D2BE28C8BE4500308EF3 /* AppleMusicAppHWSwiftUI */ = {
			isa = PBXNativeTarget;
			buildConfigurationList = 23B5D2CD28C8BE4600308EF3 /* Build configuration list for PBXNativeTarget "AppleMusicAppHWSwiftUI" */;
			buildPhases = (
				23B5D2BB28C8BE4500308EF3 /* Sources */,
				23B5D2BC28C8BE4500308EF3 /* Frameworks */,
				23B5D2BD28C8BE4500308EF3 /* Resources */,
			);
			buildRules = (
			);
			dependencies = (
			);
			name = AppleMusicAppHWSwiftUI;
			productName = AppleMusicAppHWSwiftUI;
			productReference = 23B5D2BF28C8BE4500308EF3 /* AppleMusicAppHWSwiftUI.app */;
			productType = "com.apple.product-type.application";
		};
/* End PBXNativeTarget section */

/* Begin PBXProject section */
		23B5D2B728C8BE4500308EF3 /* Project object */ = {
			isa = PBXProject;
			attributes = {
				BuildIndependentTargetsInParallel = 1;
				LastSwiftUpdateCheck = 1340;
				LastUpgradeCheck = 1340;
				TargetAttributes = {
					23B5D2BE28C8BE4500308EF3 = {
						CreatedOnToolsVersion = 13.4.1;
					};
				};
			};
			buildConfigurationList = 23B5D2BA28C8BE4500308EF3 /* Build configuration list for PBXProject "AppleMusicAppHWSwiftUI" */;
			compatibilityVersion = "Xcode 13.0";
			developmentRegion = en;
			hasScannedForEncodings = 0;
			knownRegions = (
				en,
				Base,
			);
			mainGroup = 23B5D2B628C8BE4500308EF3;
			productRefGroup = 23B5D2C028C8BE4500308EF3 /* Products */;
			projectDirPath = "";
			projectRoot = "";
			targets = (
				23B5D2BE28C8BE4500308EF3 /* AppleMusicAppHWSwiftUI */,
			);
		};
/* End PBXProject section */

/* Begin PBXResourcesBuildPhase section */
		23B5D2BD28C8BE4500308EF3 /* Resources */ = {
			isa = PBXResourcesBuildPhase;
			buildActionMask = 2147483647;
			files = (
				23B5D2CA28C8BE4600308EF3 /* Preview Assets.xcassets in Resources */,
				23B5D2C728C8BE4600308EF3 /* Assets.xcassets in Resources */,
			);
			runOnlyForDeploymentPostprocessing = 0;
		};
/* End PBXResourcesBuildPhase section */

/* Begin PBXSourcesBuildPhase section */
		23B5D2BB28C8BE4500308EF3 /* Sources */ = {
			isa = PBXSourcesBuildPhase;
			buildActionMask = 2147483647;
			files = (
				23B5D2D928C8BF4000308EF3 /* GeneralView.swift in Sources */,
				23B5D2DB28C8BF6C00308EF3 /* LibraryView.swift in Sources */,
				23B5D2C328C8BE4500308EF3 /* AppleMusicAppHWSwiftUIApp.swift in Sources */,
			);
			runOnlyForDeploymentPostprocessing = 0;
		};
/* End PBXSourcesBuildPhase section */

/* Begin XCBuildConfiguration section */
		23B5D2CB28C8BE4600308EF3 /* Debug */ = {
			isa = XCBuildConfiguration;
			buildSettings = {
				ALWAYS_SEARCH_USER_PATHS = NO;
				CLANG_ANALYZER_NONNULL = YES;
				CLANG_ANALYZER_NUMBER_OBJECT_CONVERSION = YES_AGGRESSIVE;
				CLANG_CXX_LANGUAGE_STANDARD = "gnu++17";
				CLANG_ENABLE_MODULES = YES;
				CLANG_ENABLE_OBJC_ARC = YES;
				CLANG_ENABLE_OBJC_WEAK = YES;
				CLANG_WARN_BLOCK_CAPTURE_AUTORELEASING = YES;
				CLANG_WARN_BOOL_CONVERSION = YES;
				CLANG_WARN_COMMA = YES;
				CLANG_WARN_CONSTANT_CONVERSION = YES;
				CLANG_WARN_DEPRECATED_OBJC_IMPLEMENTATIONS = YES;
				CLANG_WARN_DIRECT_OBJC_ISA_USAGE = YES_ERROR;
				CLANG_WARN_DOCUMENTATION_COMMENTS = YES;
				CLANG_WARN_EMPTY_BODY = YES;
				CLANG_WARN_ENUM_CONVERSION = YES;
				CLANG_WARN_INFINITE_RECURSION = YES;
				CLANG_WARN_INT_CONVERSION = YES;
				CLANG_WARN_NON_LITERAL_NULL_CONVERSION = YES;
				CLANG_WARN_OBJC_IMPLICIT_RETAIN_SELF = YES;
				CLANG_WARN_OBJC_LITERAL_CONVERSION = YES;
				CLANG_WARN_OBJC_ROOT_CLASS = YES_ERROR;
				CLANG_WARN_QUOTED_INCLUDE_IN_FRAMEWORK_HEADER = YES;
				CLANG_WARN_RANGE_LOOP_ANALYSIS = YES;
				CLANG_WARN_STRICT_PROTOTYPES = YES;
				CLANG_WARN_SUSPICIOUS_MOVE = YES;
				CLANG_WARN_UNGUARDED_AVAILABILITY = YES_AGGRESSIVE;
				CLANG_WARN_UNREACHABLE_CODE = YES;
				CLANG_WARN__DUPLICATE_METHOD_MATCH = YES;
				COPY_PHASE_STRIP = NO;
				DEBUG_INFORMATION_FORMAT = dwarf;
				ENABLE_STRICT_OBJC_MSGSEND = YES;
				ENABLE_TESTABILITY = YES;
				GCC_C_LANGUAGE_STANDARD = gnu11;
				GCC_DYNAMIC_NO_PIC = NO;
				GCC_NO_COMMON_BLOCKS = YES;
				GCC_OPTIMIZATION_LEVEL = 0;
				GCC_PREPROCESSOR_DEFINITIONS = (
					"DEBUG=1",
					"$(inherited)",
				);
				GCC_WARN_64_TO_32_BIT_CONVERSION = YES;
				GCC_WARN_ABOUT_RETURN_TYPE = YES_ERROR;
				GCC_WARN_UNDECLARED_SELECTOR = YES;
				GCC_WARN_UNINITIALIZED_AUTOS = YES_AGGRESSIVE;
				GCC_WARN_UNUSED_FUNCTION = YES;
				GCC_WARN_UNUSED_VARIABLE = YES;
				IPHONEOS_DEPLOYMENT_TARGET = 15.5;
				MTL_ENABLE_DEBUG_INFO = INCLUDE_SOURCE;
				MTL_FAST_MATH = YES;
				ONLY_ACTIVE_ARCH = YES;
				SDKROOT = iphoneos;
				SWIFT_ACTIVE_COMPILATION_CONDITIONS = DEBUG;
				SWIFT_OPTIMIZATION_LEVEL = "-Onone";
			};
			name = Debug;
		};
		23B5D2CC28C8BE4600308EF3 /* Release */ = {
			isa = XCBuildConfiguration;
			buildSettings = {
				ALWAYS_SEARCH_USER_PATHS = NO;
				CLANG_ANALYZER_NONNULL = YES;
				CLANG_ANALYZER_NUMBER_OBJECT_CONVERSION = YES_AGGRESSIVE;
				CLANG_CXX_LANGUAGE_STANDARD = "gnu++17";
				CLANG_ENABLE_MODULES = YES;
				CLANG_ENABLE_OBJC_ARC = YES;
				CLANG_ENABLE_OBJC_WEAK = YES;
				CLANG_WARN_BLOCK_CAPTURE_AUTORELEASING = YES;
				CLANG_WARN_BOOL_CONVERSION = YES;
				CLANG_WARN_COMMA = YES;
				CLANG_WARN_CONSTANT_CONVERSION = YES;
				CLANG_WARN_DEPRECATED_OBJC_IMPLEMENTATIONS = YES;
				CLANG_WARN_DIRECT_OBJC_ISA_USAGE = YES_ERROR;
				CLANG_WARN_DOCUMENTATION_COMMENTS = YES;
				CLANG_WARN_EMPTY_BODY = YES;
				CLANG_WARN_ENUM_CONVERSION = YES;
				CLANG_WARN_INFINITE_RECURSION = YES;
				CLANG_WARN_INT_CONVERSION = YES;
				CLANG_WARN_NON_LITERAL_NULL_CONVERSION = YES;
				CLANG_WARN_OBJC_IMPLICIT_RETAIN_SELF = YES;
				CLANG_WARN_OBJC_LITERAL_CONVERSION = YES;
				CLANG_WARN_OBJC_ROOT_CLASS = YES_ERROR;
				CLANG_WARN_QUOTED_INCLUDE_IN_FRAMEWORK_HEADER = YES;
				CLANG_WARN_RANGE_LOOP_ANALYSIS = YES;
				CLANG_WARN_STRICT_PROTOTYPES = YES;
				CLANG_WARN_SUSPICIOUS_MOVE = YES;
				CLANG_WARN_UNGUARDED_AVAILABILITY = YES_AGGRESSIVE;
				CLANG_WARN_UNREACHABLE_CODE = YES;
				CLANG_WARN__DUPLICATE_METHOD_MATCH = YES;
				COPY_PHASE_STRIP = NO;
				DEBUG_INFORMATION_FORMAT = "dwarf-with-dsym";
				ENABLE_NS_ASSERTIONS = NO;
				ENABLE_STRICT_OBJC_MSGSEND = YES;
				GCC_C_LANGUAGE_STANDARD = gnu11;
				GCC_NO_COMMON_BLOCKS = YES;
				GCC_WARN_64_TO_32_BIT_CONVERSION = YES;
				GCC_WARN_ABOUT_RETURN_TYPE = YES_ERROR;
				GCC_WARN_UNDECLARED_SELECTOR = YES;
				GCC_WARN_UNINITIALIZED_AUTOS = YES_AGGRESSIVE;
				GCC_WARN_UNUSED_FUNCTION = YES;
				GCC_WARN_UNUSED_VARIABLE = YES;
				IPHONEOS_DEPLOYMENT_TARGET = 15.5;
				MTL_ENABLE_DEBUG_INFO = NO;
				MTL_FAST_MATH = YES;
				SDKROOT = iphoneos;
				SWIFT_COMPILATION_MODE = wholemodule;
				SWIFT_OPTIMIZATION_LEVEL = "-O";
				VALIDATE_PRODUCT = YES;
			};
			name = Release;
		};
		23B5D2CE28C8BE4600308EF3 /* Debug */ = {
			isa = XCBuildConfiguration;
			buildSettings = {
				ASSETCATALOG_COMPILER_APPICON_NAME = AppIcon;
				ASSETCATALOG_COMPILER_GLOBAL_ACCENT_COLOR_NAME = AccentColor;
				CODE_SIGN_STYLE = Automatic;
				CURRENT_PROJECT_VERSION = 1;
				DEVELOPMENT_ASSET_PATHS = "\"AppleMusicAppHWSwiftUI/Resources/Preview Content\"";
				DEVELOPMENT_TEAM = 85B7L6B49N;
				ENABLE_PREVIEWS = YES;
				GENERATE_INFOPLIST_FILE = YES;
				INFOPLIST_KEY_UIApplicationSceneManifest_Generation = YES;
				INFOPLIST_KEY_UIApplicationSupportsIndirectInputEvents = YES;
				INFOPLIST_KEY_UILaunchScreen_Generation = YES;
				INFOPLIST_KEY_UISupportedInterfaceOrientations_iPad = "UIInterfaceOrientationPortrait UIInterfaceOrientationPortraitUpsideDown UIInterfaceOrientationLandscapeLeft UIInterfaceOrientationLandscapeRight";
				INFOPLIST_KEY_UISupportedInterfaceOrientations_iPhone = "UIInterfaceOrientationPortrait UIInterfaceOrientationLandscapeLeft UIInterfaceOrientationLandscapeRight";
				LD_RUNPATH_SEARCH_PATHS = (
					"$(inherited)",
					"@executable_path/Frameworks",
				);
				MARKETING_VERSION = 1.0;
				PRODUCT_BUNDLE_IDENTIFIER = com.Taran.AppleMusicAppHWSwiftUI;
				PRODUCT_NAME = "$(TARGET_NAME)";
				SWIFT_EMIT_LOC_STRINGS = YES;
				SWIFT_VERSION = 5.0;
				TARGETED_DEVICE_FAMILY = "1,2";
			};
			name = Debug;
		};
		23B5D2CF28C8BE4600308EF3 /* Release */ = {
			isa = XCBuildConfiguration;
			buildSettings = {
				ASSETCATALOG_COMPILER_APPICON_NAME = AppIcon;
				ASSETCATALOG_COMPILER_GLOBAL_ACCENT_COLOR_NAME = AccentColor;
				CODE_SIGN_STYLE = Automatic;
				CURRENT_PROJECT_VERSION = 1;
				DEVELOPMENT_ASSET_PATHS = "\"AppleMusicAppHWSwiftUI/Resources/Preview Content\"";
				DEVELOPMENT_TEAM = 85B7L6B49N;
				ENABLE_PREVIEWS = YES;
				GENERATE_INFOPLIST_FILE = YES;
				INFOPLIST_KEY_UIApplicationSceneManifest_Generation = YES;
				INFOPLIST_KEY_UIApplicationSupportsIndirectInputEvents = YES;
				INFOPLIST_KEY_UILaunchScreen_Generation = YES;
				INFOPLIST_KEY_UISupportedInterfaceOrientations_iPad = "UIInterfaceOrientationPortrait UIInterfaceOrientationPortraitUpsideDown UIInterfaceOrientationLandscapeLeft UIInterfaceOrientationLandscapeRight";
				INFOPLIST_KEY_UISupportedInterfaceOrientations_iPhone = "UIInterfaceOrientationPortrait UIInterfaceOrientationLandscapeLeft UIInterfaceOrientationLandscapeRight";
				LD_RUNPATH_SEARCH_PATHS = (
					"$(inherited)",
					"@executable_path/Frameworks",
				);
				MARKETING_VERSION = 1.0;
				PRODUCT_BUNDLE_IDENTIFIER = com.Taran.AppleMusicAppHWSwiftUI;
				PRODUCT_NAME = "$(TARGET_NAME)";
				SWIFT_EMIT_LOC_STRINGS = YES;
				SWIFT_VERSION = 5.0;
				TARGETED_DEVICE_FAMILY = "1,2";
			};
			name = Release;
		};
/* End XCBuildConfiguration section */

/* Begin XCConfigurationList section */
		23B5D2BA28C8BE4500308EF3 /* Build configuration list for PBXProject "AppleMusicAppHWSwiftUI" */ = {
			isa = XCConfigurationList;
			buildConfigurations = (
				23B5D2CB28C8BE4600308EF3 /* Debug */,
				23B5D2CC28C8BE4600308EF3 /* Release */,
			);
			defaultConfigurationIsVisible = 0;
			defaultConfigurationName = Release;
		};
		23B5D2CD28C8BE4600308EF3 /* Build configuration list for PBXNativeTarget "AppleMusicAppHWSwiftUI" */ = {
			isa = XCConfigurationList;
			buildConfigurations = (
				23B5D2CE28C8BE4600308EF3 /* Debug */,
				23B5D2CF28C8BE4600308EF3 /* Release */,
			);
			defaultConfigurationIsVisible = 0;
			defaultConfigurationName = Release;
		};
/* End XCConfigurationList section */
	};
	rootObject = 23B5D2B728C8BE4500308EF3 /* Project object */;
}
